<?xml version="1.0" encoding="UTF-8" standalone="yes" ?>
<CodeBlocks_project_file>
	<FileVersion major="1" minor="6" />
	<Project>
		<Option title="Greenplague" />
		<Option pch_mode="2" />
		<Option compiler="gcc" />
		<Build>
			<Target title="Debug">
				<Option output="bin\Debug\Greenplague" prefix_auto="1" extension_auto="1" />
				<Option object_output="obj\Debug\" />
				<Option type="1" />
				<Option compiler="gcc" />
				<Compiler>
					<Add option="-g" />
					<Add option="-DSFML_DYNAMIC" />
				</Compiler>
				<Linker>
					<Add option="-lsfml-graphics" />
					<Add option="-lsfml-window" />
					<Add option="-lsfml-system" />
				</Linker>
			</Target>
			<Target title="Release">
				<Option output="bin\Release\Greenplague" prefix_auto="1" extension_auto="1" />
				<Option object_output="obj\Release\" />
				<Option type="1" />
				<Option compiler="gcc" />
				<Compiler>
					<Add option="-O2" />
				</Compiler>
				<Linker>
					<Add option="-s" />
				</Linker>
			</Target>
		</Build>
		<Compiler>
			<Add option="-Wall" />
			<Add option="-fexceptions" />
		</Compiler>
		<Unit filename="sources\Player.cpp" />
		<Unit filename="sources\Player.hpp" />
		<Unit filename="sources\balle.cpp" />
		<Unit filename="sources\balle.hpp" />
		<Unit filename="sources\case.cpp" />
		<Unit filename="sources\case.hpp" />
		<Unit filename="sources\ecran_accueil.cpp" />
		<Unit filename="sources\ecran_accueil.hpp" />
		<Unit filename="sources\jeu.cpp" />
		<Unit filename="sources\jeu.hpp" />
		<Unit filename="sources\main.cpp" />
		<Unit filename="sources\map.cpp" />
		<Unit filename="sources\map.hpp" />
		<Unit filename="sources\pathfinder.cpp" />
		<Unit filename="sources\pathfinder.hpp" />
		<Unit filename="sources\point.cpp" />
		<Unit filename="sources\point.hpp" />
		<Unit filename="sources\tools.cpp" />
		<Unit filename="sources\tools.hpp" />
		<Unit filename="sources\zombi.cpp" />
		<Unit filename="sources\zombi.hpp" />
		<Unit filename="sources\zombiManager.cpp" />
		<Unit filename="sources\zombiManager.hpp" />
		<Extensions>
			<code_completion />
			<debugger />
		</Extensions>
	</Project>
</CodeBlocks_project_file>
